<?xml version="1.0" encoding="UTF-8"?>
<CodeBlocks_project_file>
	<FileVersion major="1" minor="6"/>
	<Project>
		<Option title="lab5"/>
		<Option makefile_is_custom="1"/>
		<Option compiler="gcc"/>
		<Option virtualFolders="CMake Files\;CMake Files\..\;CMake Files\..\..\;CMake Files\..\..\..\;CMake Files\..\..\..\..\;CMake Files\..\..\..\..\..\;CMake Files\..\..\..\..\..\usr\;CMake Files\..\..\..\..\..\usr\local\;CMake Files\..\..\..\..\..\usr\local\lib\;CMake Files\..\..\..\..\..\usr\local\lib\cmake\;CMake Files\..\..\..\..\..\usr\local\lib\cmake\opencv4\;"/>
		<Build>
			<Target title="all">
				<Option working_dir="/home/maya/CLionProjects/EVM/lab_5"/>
				<Option type="4"/>
				<MakeCommands>
					<Build command="/usr/bin/make -f &quot;/home/maya/CLionProjects/EVM/lab_5/Makefile&quot;  VERBOSE=1 all"/>
					<CompileFile command="/usr/bin/make -f &quot;/home/maya/CLionProjects/EVM/lab_5/Makefile&quot;  VERBOSE=1 &quot;$file&quot;"/>
					<Clean command="/usr/bin/make -f &quot;/home/maya/CLionProjects/EVM/lab_5/Makefile&quot;  VERBOSE=1 clean"/>
					<DistClean command="/usr/bin/make -f &quot;/home/maya/CLionProjects/EVM/lab_5/Makefile&quot;  VERBOSE=1 clean"/>
				</MakeCommands>
			</Target>
			<Target title="rebuild_cache">
				<Option working_dir="/home/maya/CLionProjects/EVM/lab_5"/>
				<Option type="4"/>
				<MakeCommands>
					<Build command="/usr/bin/make -f &quot;/home/maya/CLionProjects/EVM/lab_5/Makefile&quot;  VERBOSE=1 rebuild_cache"/>
					<CompileFile command="/usr/bin/make -f &quot;/home/maya/CLionProjects/EVM/lab_5/Makefile&quot;  VERBOSE=1 &quot;$file&quot;"/>
					<Clean command="/usr/bin/make -f &quot;/home/maya/CLionProjects/EVM/lab_5/Makefile&quot;  VERBOSE=1 clean"/>
					<DistClean command="/usr/bin/make -f &quot;/home/maya/CLionProjects/EVM/lab_5/Makefile&quot;  VERBOSE=1 clean"/>
				</MakeCommands>
			</Target>
			<Target title="lab_5">
				<Option output="/home/maya/CLionProjects/EVM/lab_5/lab_5" prefix_auto="0" extension_auto="0"/>
				<Option working_dir="/home/maya/CLionProjects/EVM/lab_5"/>
				<Option object_output="./"/>
				<Option type="1"/>
				<Option compiler="gcc"/>
				<Compiler>
					<Add directory="/usr/local/include/opencv4"/>
				</Compiler>
				<MakeCommands>
					<Build command="/usr/bin/make -f &quot;/home/maya/CLionProjects/EVM/lab_5/Makefile&quot;  VERBOSE=1 lab_5"/>
					<CompileFile command="/usr/bin/make -f &quot;/home/maya/CLionProjects/EVM/lab_5/Makefile&quot;  VERBOSE=1 &quot;$file&quot;"/>
					<Clean command="/usr/bin/make -f &quot;/home/maya/CLionProjects/EVM/lab_5/Makefile&quot;  VERBOSE=1 clean"/>
					<DistClean command="/usr/bin/make -f &quot;/home/maya/CLionProjects/EVM/lab_5/Makefile&quot;  VERBOSE=1 clean"/>
				</MakeCommands>
			</Target>
			<Target title="lab_5/fast">
				<Option output="/home/maya/CLionProjects/EVM/lab_5/lab_5" prefix_auto="0" extension_auto="0"/>
				<Option working_dir="/home/maya/CLionProjects/EVM/lab_5"/>
				<Option object_output="./"/>
				<Option type="1"/>
				<Option compiler="gcc"/>
				<Compiler>
					<Add directory="/usr/local/include/opencv4"/>
				</Compiler>
				<MakeCommands>
					<Build command="/usr/bin/make -f &quot;/home/maya/CLionProjects/EVM/lab_5/Makefile&quot;  VERBOSE=1 lab_5/fast"/>
					<CompileFile command="/usr/bin/make -f &quot;/home/maya/CLionProjects/EVM/lab_5/Makefile&quot;  VERBOSE=1 &quot;$file&quot;"/>
					<Clean command="/usr/bin/make -f &quot;/home/maya/CLionProjects/EVM/lab_5/Makefile&quot;  VERBOSE=1 clean"/>
					<DistClean command="/usr/bin/make -f &quot;/home/maya/CLionProjects/EVM/lab_5/Makefile&quot;  VERBOSE=1 clean"/>
				</MakeCommands>
			</Target>
			<Target title="edit_cache">
				<Option working_dir="/home/maya/CLionProjects/EVM/lab_5"/>
				<Option type="4"/>
				<MakeCommands>
					<Build command="/usr/bin/make -f &quot;/home/maya/CLionProjects/EVM/lab_5/Makefile&quot;  VERBOSE=1 edit_cache"/>
					<CompileFile command="/usr/bin/make -f &quot;/home/maya/CLionProjects/EVM/lab_5/Makefile&quot;  VERBOSE=1 &quot;$file&quot;"/>
					<Clean command="/usr/bin/make -f &quot;/home/maya/CLionProjects/EVM/lab_5/Makefile&quot;  VERBOSE=1 clean"/>
					<DistClean command="/usr/bin/make -f &quot;/home/maya/CLionProjects/EVM/lab_5/Makefile&quot;  VERBOSE=1 clean"/>
				</MakeCommands>
			</Target>
		</Build>
		<Unit filename="/home/maya/CLionProjects/EVM/lab_5/main.cpp">
			<Option target="lab_5"/>
		</Unit>
		<Unit filename="/home/maya/CLionProjects/EVM/lab_5/CMakeLists.txt">
			<Option virtualFolder="CMake Files\"/>
		</Unit>
		<Unit filename="/home/maya/CLionProjects/EVM/lab_5/../../../../../usr/local/lib/cmake/opencv4/OpenCVConfig-version.cmake">
			<Option virtualFolder="CMake Files\..\..\..\..\..\usr\local\lib\cmake\opencv4\"/>
		</Unit>
		<Unit filename="/home/maya/CLionProjects/EVM/lab_5/../../../../../usr/local/lib/cmake/opencv4/OpenCVConfig.cmake">
			<Option virtualFolder="CMake Files\..\..\..\..\..\usr\local\lib\cmake\opencv4\"/>
		</Unit>
		<Unit filename="/home/maya/CLionProjects/EVM/lab_5/../../../../../usr/local/lib/cmake/opencv4/OpenCVModules-release.cmake">
			<Option virtualFolder="CMake Files\..\..\..\..\..\usr\local\lib\cmake\opencv4\"/>
		</Unit>
		<Unit filename="/home/maya/CLionProjects/EVM/lab_5/../../../../../usr/local/lib/cmake/opencv4/OpenCVModules.cmake">
			<Option virtualFolder="CMake Files\..\..\..\..\..\usr\local\lib\cmake\opencv4\"/>
		</Unit>
	</Project>
</CodeBlocks_project_file>
